
Microsoft Visual Studio Solution File, Format Version 12.00
# Visual Studio Version 17
VisualStudioVersion = 17.6.33723.286
MinimumVisualStudioVersion = 10.0.40219.1
Project("{FAE04EC0-301F-11D3-BF4B-00C04F79EFBC}") = "BaiThucHanh5", "BaiThucHanh5\BaiThucHanh5.csproj", "{5BC1DA61-B970-4B5A-AFC2-261A2DB9AAD6}"
EndProject
Global
	GlobalSection(SolutionConfigurationPlatforms) = preSolution
		Debug|Any CPU = Debug|Any CPU
		Release|Any CPU = Release|Any CPU
	EndGlobalSection
	GlobalSection(ProjectConfigurationPlatforms) = postSolution
		{5BC1DA61-B970-4B5A-AFC2-261A2DB9AAD6}.Debug|Any CPU.ActiveCfg = Debug|Any CPU
		{5BC1DA61-B970-4B5A-AFC2-261A2DB9AAD6}.Debug|Any CPU.Build.0 = Debug|Any CPU
		{5BC1DA61-B970-4B5A-AFC2-261A2DB9AAD6}.Release|Any CPU.ActiveCfg = Release|Any CPU
		{5BC1DA61-B970-4B5A-AFC2-261A2DB9AAD6}.Release|Any CPU.Build.0 = Release|Any CPU
	EndGlobalSection
	GlobalSection(SolutionProperties) = preSolution
		HideSolutionNode = FALSE
	EndGlobalSection
	GlobalSection(ExtensibilityGlobals) = postSolution
		SolutionGuid = {86A01C1F-0A44-434E-8953-75EDB5B798C3}
	EndGlobalSection
EndGlobal
