
Microsoft Visual Studio Solution File, Format Version 12.00
# Visual Studio Version 17
VisualStudioVersion = 17.6.33723.286
MinimumVisualStudioVersion = 10.0.40219.1
Project("{FAE04EC0-301F-11D3-BF4B-00C04F79EFBC}") = "S_P_HinhTron", "S_P_HinhTron\S_P_HinhTron.csproj", "{BBDB8012-7273-44B9-A45B-BCF463553F10}"
EndProject
Global
	GlobalSection(SolutionConfigurationPlatforms) = preSolution
		Debug|Any CPU = Debug|Any CPU
		Release|Any CPU = Release|Any CPU
	EndGlobalSection
	GlobalSection(ProjectConfigurationPlatforms) = postSolution
		{BBDB8012-7273-44B9-A45B-BCF463553F10}.Debug|Any CPU.ActiveCfg = Debug|Any CPU
		{BBDB8012-7273-44B9-A45B-BCF463553F10}.Debug|Any CPU.Build.0 = Debug|Any CPU
		{BBDB8012-7273-44B9-A45B-BCF463553F10}.Release|Any CPU.ActiveCfg = Release|Any CPU
		{BBDB8012-7273-44B9-A45B-BCF463553F10}.Release|Any CPU.Build.0 = Release|Any CPU
	EndGlobalSection
	GlobalSection(SolutionProperties) = preSolution
		HideSolutionNode = FALSE
	EndGlobalSection
	GlobalSection(ExtensibilityGlobals) = postSolution
		SolutionGuid = {A2D517B8-5AFF-471E-9781-2CDA2769BFFB}
	EndGlobalSection
EndGlobal
